
Microsoft Visual Studio Solution File, Format Version 12.00
# Visual Studio Version 17
VisualStudioVersion = 17.10.34928.147
MinimumVisualStudioVersion = 10.0.40219.1
Project("{FAE04EC0-301F-11D3-BF4B-00C04F79EFBC}") = "PrismOutlook", "PrismOutlook\PrismOutlook.csproj", "{3EA89B5A-5B6A-4CBF-81A0-AEBF6A496CE1}"
EndProject
Project("{2150E333-8FDC-42A3-9474-1A3956D46DE8}") = "Modules", "Modules", "{6A9E6E95-DC94-492F-AFF6-106059FC4069}"
EndProject
Project("{FAE04EC0-301F-11D3-BF4B-00C04F79EFBC}") = "PrismOutlook.Modeuls.Mail", "PrismOutlook.Modeuls.Mail\PrismOutlook.Modeuls.Mail.csproj", "{753387CF-4E3C-4BC1-BB26-77146CE35710}"
EndProject
Project("{FAE04EC0-301F-11D3-BF4B-00C04F79EFBC}") = "PrismOutlook.Modeuls.Contacts", "PrismOutlook.Modeuls.Contacts\PrismOutlook.Modeuls.Contacts.csproj", "{9B7B2BE4-D02A-45B9-98C4-3A0B0F8F46C9}"
EndProject
Project("{FAE04EC0-301F-11D3-BF4B-00C04F79EFBC}") = "PrismOutlook.Modeuls.Calendar", "PrismOutlook.Modeuls.Calendar\PrismOutlook.Modeuls.Calendar.csproj", "{BE2D5931-423F-453B-9F6A-942B0D38B8C4}"
EndProject
Project("{FAE04EC0-301F-11D3-BF4B-00C04F79EFBC}") = "PrismOutlook.Core", "PrismOutlook.Core\PrismOutlook.Core.csproj", "{8CD3ECEE-AD02-462F-8A3E-B7B0E6090B8A}"
EndProject
Global
	GlobalSection(SolutionConfigurationPlatforms) = preSolution
		Debug|Any CPU = Debug|Any CPU
		Release|Any CPU = Release|Any CPU
	EndGlobalSection
	GlobalSection(ProjectConfigurationPlatforms) = postSolution
		{3EA89B5A-5B6A-4CBF-81A0-AEBF6A496CE1}.Debug|Any CPU.ActiveCfg = Debug|Any CPU
		{3EA89B5A-5B6A-4CBF-81A0-AEBF6A496CE1}.Debug|Any CPU.Build.0 = Debug|Any CPU
		{3EA89B5A-5B6A-4CBF-81A0-AEBF6A496CE1}.Release|Any CPU.ActiveCfg = Release|Any CPU
		{3EA89B5A-5B6A-4CBF-81A0-AEBF6A496CE1}.Release|Any CPU.Build.0 = Release|Any CPU
		{753387CF-4E3C-4BC1-BB26-77146CE35710}.Debug|Any CPU.ActiveCfg = Debug|Any CPU
		{753387CF-4E3C-4BC1-BB26-77146CE35710}.Debug|Any CPU.Build.0 = Debug|Any CPU
		{753387CF-4E3C-4BC1-BB26-77146CE35710}.Release|Any CPU.ActiveCfg = Release|Any CPU
		{753387CF-4E3C-4BC1-BB26-77146CE35710}.Release|Any CPU.Build.0 = Release|Any CPU
		{9B7B2BE4-D02A-45B9-98C4-3A0B0F8F46C9}.Debug|Any CPU.ActiveCfg = Debug|Any CPU
		{9B7B2BE4-D02A-45B9-98C4-3A0B0F8F46C9}.Debug|Any CPU.Build.0 = Debug|Any CPU
		{9B7B2BE4-D02A-45B9-98C4-3A0B0F8F46C9}.Release|Any CPU.ActiveCfg = Release|Any CPU
		{9B7B2BE4-D02A-45B9-98C4-3A0B0F8F46C9}.Release|Any CPU.Build.0 = Release|Any CPU
		{BE2D5931-423F-453B-9F6A-942B0D38B8C4}.Debug|Any CPU.ActiveCfg = Debug|Any CPU
		{BE2D5931-423F-453B-9F6A-942B0D38B8C4}.Debug|Any CPU.Build.0 = Debug|Any CPU
		{BE2D5931-423F-453B-9F6A-942B0D38B8C4}.Release|Any CPU.ActiveCfg = Release|Any CPU
		{BE2D5931-423F-453B-9F6A-942B0D38B8C4}.Release|Any CPU.Build.0 = Release|Any CPU
		{8CD3ECEE-AD02-462F-8A3E-B7B0E6090B8A}.Debug|Any CPU.ActiveCfg = Debug|Any CPU
		{8CD3ECEE-AD02-462F-8A3E-B7B0E6090B8A}.Debug|Any CPU.Build.0 = Debug|Any CPU
		{8CD3ECEE-AD02-462F-8A3E-B7B0E6090B8A}.Release|Any CPU.ActiveCfg = Release|Any CPU
		{8CD3ECEE-AD02-462F-8A3E-B7B0E6090B8A}.Release|Any CPU.Build.0 = Release|Any CPU
	EndGlobalSection
	GlobalSection(SolutionProperties) = preSolution
		HideSolutionNode = FALSE
	EndGlobalSection
	GlobalSection(NestedProjects) = preSolution
		{753387CF-4E3C-4BC1-BB26-77146CE35710} = {6A9E6E95-DC94-492F-AFF6-106059FC4069}
		{9B7B2BE4-D02A-45B9-98C4-3A0B0F8F46C9} = {6A9E6E95-DC94-492F-AFF6-106059FC4069}
		{BE2D5931-423F-453B-9F6A-942B0D38B8C4} = {6A9E6E95-DC94-492F-AFF6-106059FC4069}
	EndGlobalSection
	GlobalSection(ExtensibilityGlobals) = postSolution
		SolutionGuid = {AC7551D7-0020-43B0-8034-B9E806B3F9B6}
	EndGlobalSection
EndGlobal
